// !$*UTF8*$!
{
	archiveVersion = 1;
	classes = {
	};
	objectVersion = 50;
	objects = {

/* Begin PBXBuildFile section */
		C42BA06F259BC03F009CFAD2 /* taleweaverApp.swift in Sources */ = {isa = PBXBuildFile; fileRef = C42BA06E259BC03F009CFAD2 /* taleweaverApp.swift */; };
		C42BA071259BC03F009CFAD2 /* ContentView.swift in Sources */ = {isa = PBXBuildFile; fileRef = C42BA070259BC03F009CFAD2 /* ContentView.swift */; };
		C42BA073259BC040009CFAD2 /* Assets.xcassets in Resources */ = {isa = PBXBuildFile; fileRef = C42BA072259BC040009CFAD2 /* Assets.xcassets */; };
		C42BA076259BC040009CFAD2 /* Preview Assets.xcassets in Resources */ = {isa = PBXBuildFile; fileRef = C42BA075259BC040009CFAD2 /* Preview Assets.xcassets */; };
		C42BA082259BC040009CFAD2 /* taleweaverTests.swift in Sources */ = {isa = PBXBuildFile; fileRef = C42BA081259BC040009CFAD2 /* taleweaverTests.swift */; };
		C42BA08D259BC040009CFAD2 /* taleweaverUITests.swift in Sources */ = {isa = PBXBuildFile; fileRef = C42BA08C259BC040009CFAD2 /* taleweaverUITests.swift */; };
		C42BA09F259BC0A7009CFAD2 /* Character.swift in Sources */ = {isa = PBXBuildFile; fileRef = C42BA09E259BC0A7009CFAD2 /* Character.swift */; };
		C42BA0A7259BCBAA009CFAD2 /* ToolboxView.swift in Sources */ = {isa = PBXBuildFile; fileRef = C42BA0A6259BCBAA009CFAD2 /* ToolboxView.swift */; };
		C42BA0AC259BCBE3009CFAD2 /* ToolboxElementView.swift in Sources */ = {isa = PBXBuildFile; fileRef = C42BA0AB259BCBE3009CFAD2 /* ToolboxElementView.swift */; };
		C42BA0B1259BCD20009CFAD2 /* CanvasView.swift in Sources */ = {isa = PBXBuildFile; fileRef = C42BA0B0259BCD20009CFAD2 /* CanvasView.swift */; };
		C42BA0B6259BCE12009CFAD2 /* InspectorView.swift in Sources */ = {isa = PBXBuildFile; fileRef = C42BA0B5259BCE12009CFAD2 /* InspectorView.swift */; };
		C42BA0BB259C3E62009CFAD2 /* OutlineView.swift in Sources */ = {isa = PBXBuildFile; fileRef = C42BA0BA259C3E62009CFAD2 /* OutlineView.swift */; };
		C44FDBAE259E6E160008D7E2 /* AddCharacterView.swift in Sources */ = {isa = PBXBuildFile; fileRef = C44FDBAD259E6E160008D7E2 /* AddCharacterView.swift */; };
		C44FDBB3259E703C0008D7E2 /* ImagePickerView.swift in Sources */ = {isa = PBXBuildFile; fileRef = C44FDBB2259E703C0008D7E2 /* ImagePickerView.swift */; };
		C456AB4125A2666E001D8077 /* Tale.swift in Sources */ = {isa = PBXBuildFile; fileRef = C456AB4025A2666E001D8077 /* Tale.swift */; };
		C456AB4625A268DD001D8077 /* TaleLoader.swift in Sources */ = {isa = PBXBuildFile; fileRef = C456AB4525A268DD001D8077 /* TaleLoader.swift */; };
		C47538FC25A0155D008C86D7 /* FileFetcher.swift in Sources */ = {isa = PBXBuildFile; fileRef = C47538FB25A0155D008C86D7 /* FileFetcher.swift */; };
		C49C476E259CF3F5009E6610 /* CharacterTileView.swift in Sources */ = {isa = PBXBuildFile; fileRef = C49C476D259CF3F5009E6610 /* CharacterTileView.swift */; };
		C49C478F259CFC95009E6610 /* CharacterListView.swift in Sources */ = {isa = PBXBuildFile; fileRef = C49C478E259CFC95009E6610 /* CharacterListView.swift */; };
		C49C4797259D5B44009E6610 /* CharacterDetailView.swift in Sources */ = {isa = PBXBuildFile; fileRef = C49C4796259D5B44009E6610 /* CharacterDetailView.swift */; };
		C4C3CE1A25B910930058CD15 /* PlotEvent.swift in Sources */ = {isa = PBXBuildFile; fileRef = C4C3CE1925B910930058CD15 /* PlotEvent.swift */; };
		C4C3CE1F25B9159F0058CD15 /* ImageLoader.swift in Sources */ = {isa = PBXBuildFile; fileRef = C4C3CE1E25B9159F0058CD15 /* ImageLoader.swift */; };
		C4C3CE2425B91A690058CD15 /* PlotEventView.swift in Sources */ = {isa = PBXBuildFile; fileRef = C4C3CE2325B91A690058CD15 /* PlotEventView.swift */; };
		C4C3CE2C25B91E920058CD15 /* CharacterGridView.swift in Sources */ = {isa = PBXBuildFile; fileRef = C4C3CE2B25B91E920058CD15 /* CharacterGridView.swift */; };
/* End PBXBuildFile section */

/* Begin PBXContainerItemProxy section */
		C42BA07E259BC040009CFAD2 /* PBXContainerItemProxy */ = {
			isa = PBXContainerItemProxy;
			containerPortal = C42BA063259BC03F009CFAD2 /* Project object */;
			proxyType = 1;
			remoteGlobalIDString = C42BA06A259BC03F009CFAD2;
			remoteInfo = taleweaver;
		};
		C42BA089259BC040009CFAD2 /* PBXContainerItemProxy */ = {
			isa = PBXContainerItemProxy;
			containerPortal = C42BA063259BC03F009CFAD2 /* Project object */;
			proxyType = 1;
			remoteGlobalIDString = C42BA06A259BC03F009CFAD2;
			remoteInfo = taleweaver;
		};
/* End PBXContainerItemProxy section */

/* Begin PBXFileReference section */
		C42BA06B259BC03F009CFAD2 /* taleweaver.app */ = {isa = PBXFileReference; explicitFileType = wrapper.application; includeInIndex = 0; path = taleweaver.app; sourceTree = BUILT_PRODUCTS_DIR; };
		C42BA06E259BC03F009CFAD2 /* taleweaverApp.swift */ = {isa = PBXFileReference; lastKnownFileType = sourcecode.swift; path = taleweaverApp.swift; sourceTree = "<group>"; };
		C42BA070259BC03F009CFAD2 /* ContentView.swift */ = {isa = PBXFileReference; lastKnownFileType = sourcecode.swift; path = ContentView.swift; sourceTree = "<group>"; };
		C42BA072259BC040009CFAD2 /* Assets.xcassets */ = {isa = PBXFileReference; lastKnownFileType = folder.assetcatalog; path = Assets.xcassets; sourceTree = "<group>"; };
		C42BA075259BC040009CFAD2 /* Preview Assets.xcassets */ = {isa = PBXFileReference; lastKnownFileType = folder.assetcatalog; path = "Preview Assets.xcassets"; sourceTree = "<group>"; };
		C42BA077259BC040009CFAD2 /* Info.plist */ = {isa = PBXFileReference; lastKnownFileType = text.plist.xml; path = Info.plist; sourceTree = "<group>"; };
		C42BA078259BC040009CFAD2 /* taleweaver.entitlements */ = {isa = PBXFileReference; lastKnownFileType = text.plist.entitlements; path = taleweaver.entitlements; sourceTree = "<group>"; };
		C42BA07D259BC040009CFAD2 /* taleweaverTests.xctest */ = {isa = PBXFileReference; explicitFileType = wrapper.cfbundle; includeInIndex = 0; path = taleweaverTests.xctest; sourceTree = BUILT_PRODUCTS_DIR; };
		C42BA081259BC040009CFAD2 /* taleweaverTests.swift */ = {isa = PBXFileReference; lastKnownFileType = sourcecode.swift; path = taleweaverTests.swift; sourceTree = "<group>"; };
		C42BA083259BC040009CFAD2 /* Info.plist */ = {isa = PBXFileReference; lastKnownFileType = text.plist.xml; path = Info.plist; sourceTree = "<group>"; };
		C42BA088259BC040009CFAD2 /* taleweaverUITests.xctest */ = {isa = PBXFileReference; explicitFileType = wrapper.cfbundle; includeInIndex = 0; path = taleweaverUITests.xctest; sourceTree = BUILT_PRODUCTS_DIR; };
		C42BA08C259BC040009CFAD2 /* taleweaverUITests.swift */ = {isa = PBXFileReference; lastKnownFileType = sourcecode.swift; path = taleweaverUITests.swift; sourceTree = "<group>"; };
		C42BA08E259BC040009CFAD2 /* Info.plist */ = {isa = PBXFileReference; lastKnownFileType = text.plist.xml; path = Info.plist; sourceTree = "<group>"; };
		C42BA09E259BC0A7009CFAD2 /* Character.swift */ = {isa = PBXFileReference; lastKnownFileType = sourcecode.swift; path = Character.swift; sourceTree = "<group>"; };
		C42BA0A6259BCBAA009CFAD2 /* ToolboxView.swift */ = {isa = PBXFileReference; lastKnownFileType = sourcecode.swift; path = ToolboxView.swift; sourceTree = "<group>"; };
		C42BA0AB259BCBE3009CFAD2 /* ToolboxElementView.swift */ = {isa = PBXFileReference; lastKnownFileType = sourcecode.swift; path = ToolboxElementView.swift; sourceTree = "<group>"; };
		C42BA0B0259BCD20009CFAD2 /* CanvasView.swift */ = {isa = PBXFileReference; lastKnownFileType = sourcecode.swift; path = CanvasView.swift; sourceTree = "<group>"; };
		C42BA0B5259BCE12009CFAD2 /* InspectorView.swift */ = {isa = PBXFileReference; lastKnownFileType = sourcecode.swift; path = InspectorView.swift; sourceTree = "<group>"; };
		C42BA0BA259C3E62009CFAD2 /* OutlineView.swift */ = {isa = PBXFileReference; lastKnownFileType = sourcecode.swift; path = OutlineView.swift; sourceTree = "<group>"; };
		C44FDBAD259E6E160008D7E2 /* AddCharacterView.swift */ = {isa = PBXFileReference; lastKnownFileType = sourcecode.swift; path = AddCharacterView.swift; sourceTree = "<group>"; };
		C44FDBB2259E703C0008D7E2 /* ImagePickerView.swift */ = {isa = PBXFileReference; lastKnownFileType = sourcecode.swift; path = ImagePickerView.swift; sourceTree = "<group>"; };
		C456AB4025A2666E001D8077 /* Tale.swift */ = {isa = PBXFileReference; lastKnownFileType = sourcecode.swift; path = Tale.swift; sourceTree = "<group>"; };
		C456AB4525A268DD001D8077 /* TaleLoader.swift */ = {isa = PBXFileReference; lastKnownFileType = sourcecode.swift; path = TaleLoader.swift; sourceTree = "<group>"; };
		C47538FB25A0155D008C86D7 /* FileFetcher.swift */ = {isa = PBXFileReference; lastKnownFileType = sourcecode.swift; path = FileFetcher.swift; sourceTree = "<group>"; };
		C49C476D259CF3F5009E6610 /* CharacterTileView.swift */ = {isa = PBXFileReference; lastKnownFileType = sourcecode.swift; path = CharacterTileView.swift; sourceTree = "<group>"; };
		C49C478E259CFC95009E6610 /* CharacterListView.swift */ = {isa = PBXFileReference; lastKnownFileType = sourcecode.swift; path = CharacterListView.swift; sourceTree = "<group>"; };
		C49C4796259D5B44009E6610 /* CharacterDetailView.swift */ = {isa = PBXFileReference; lastKnownFileType = sourcecode.swift; path = CharacterDetailView.swift; sourceTree = "<group>"; };
		C4C3CE1925B910930058CD15 /* PlotEvent.swift */ = {isa = PBXFileReference; lastKnownFileType = sourcecode.swift; path = PlotEvent.swift; sourceTree = "<group>"; };
		C4C3CE1E25B9159F0058CD15 /* ImageLoader.swift */ = {isa = PBXFileReference; lastKnownFileType = sourcecode.swift; path = ImageLoader.swift; sourceTree = "<group>"; };
		C4C3CE2325B91A690058CD15 /* PlotEventView.swift */ = {isa = PBXFileReference; lastKnownFileType = sourcecode.swift; path = PlotEventView.swift; sourceTree = "<group>"; };
		C4C3CE2B25B91E920058CD15 /* CharacterGridView.swift */ = {isa = PBXFileReference; lastKnownFileType = sourcecode.swift; path = CharacterGridView.swift; sourceTree = "<group>"; };
/* End PBXFileReference section */

/* Begin PBXFrameworksBuildPhase section */
		C42BA068259BC03F009CFAD2 /* Frameworks */ = {
			isa = PBXFrameworksBuildPhase;
			buildActionMask = 2147483647;
			files = (
			);
			runOnlyForDeploymentPostprocessing = 0;
		};
		C42BA07A259BC040009CFAD2 /* Frameworks */ = {
			isa = PBXFrameworksBuildPhase;
			buildActionMask = 2147483647;
			files = (
			);
			runOnlyForDeploymentPostprocessing = 0;
		};
		C42BA085259BC040009CFAD2 /* Frameworks */ = {
			isa = PBXFrameworksBuildPhase;
			buildActionMask = 2147483647;
			files = (
			);
			runOnlyForDeploymentPostprocessing = 0;
		};
/* End PBXFrameworksBuildPhase section */

/* Begin PBXGroup section */
		C42BA062259BC03F009CFAD2 = {
			isa = PBXGroup;
			children = (
				C42BA06D259BC03F009CFAD2 /* taleweaver */,
				C42BA080259BC040009CFAD2 /* taleweaverTests */,
				C42BA08B259BC040009CFAD2 /* taleweaverUITests */,
				C42BA06C259BC03F009CFAD2 /* Products */,
			);
			sourceTree = "<group>";
		};
		C42BA06C259BC03F009CFAD2 /* Products */ = {
			isa = PBXGroup;
			children = (
				C42BA06B259BC03F009CFAD2 /* taleweaver.app */,
				C42BA07D259BC040009CFAD2 /* taleweaverTests.xctest */,
				C42BA088259BC040009CFAD2 /* taleweaverUITests.xctest */,
			);
			name = Products;
			sourceTree = "<group>";
		};
		C42BA06D259BC03F009CFAD2 /* taleweaver */ = {
			isa = PBXGroup;
			children = (
				C47538FA25A01522008C86D7 /* Utilities */,
				C49C4783259CFA05009E6610 /* Models */,
				C42BA0BF259C3EF9009CFAD2 /* Views */,
				C42BA06E259BC03F009CFAD2 /* taleweaverApp.swift */,
				C42BA070259BC03F009CFAD2 /* ContentView.swift */,
				C42BA072259BC040009CFAD2 /* Assets.xcassets */,
				C42BA077259BC040009CFAD2 /* Info.plist */,
				C42BA078259BC040009CFAD2 /* taleweaver.entitlements */,
				C42BA074259BC040009CFAD2 /* Preview Content */,
			);
			path = taleweaver;
			sourceTree = "<group>";
		};
		C42BA074259BC040009CFAD2 /* Preview Content */ = {
			isa = PBXGroup;
			children = (
				C42BA075259BC040009CFAD2 /* Preview Assets.xcassets */,
			);
			path = "Preview Content";
			sourceTree = "<group>";
		};
		C42BA080259BC040009CFAD2 /* taleweaverTests */ = {
			isa = PBXGroup;
			children = (
				C42BA081259BC040009CFAD2 /* taleweaverTests.swift */,
				C42BA083259BC040009CFAD2 /* Info.plist */,
			);
			path = taleweaverTests;
			sourceTree = "<group>";
		};
		C42BA08B259BC040009CFAD2 /* taleweaverUITests */ = {
			isa = PBXGroup;
			children = (
				C42BA08C259BC040009CFAD2 /* taleweaverUITests.swift */,
				C42BA08E259BC040009CFAD2 /* Info.plist */,
			);
			path = taleweaverUITests;
			sourceTree = "<group>";
		};
		C42BA0BF259C3EF9009CFAD2 /* Views */ = {
			isa = PBXGroup;
			children = (
				C42BA0A6259BCBAA009CFAD2 /* ToolboxView.swift */,
				C42BA0AB259BCBE3009CFAD2 /* ToolboxElementView.swift */,
				C42BA0B0259BCD20009CFAD2 /* CanvasView.swift */,
				C42BA0B5259BCE12009CFAD2 /* InspectorView.swift */,
				C42BA0BA259C3E62009CFAD2 /* OutlineView.swift */,
				C49C476D259CF3F5009E6610 /* CharacterTileView.swift */,
				C49C478E259CFC95009E6610 /* CharacterListView.swift */,
				C49C4796259D5B44009E6610 /* CharacterDetailView.swift */,
				C44FDBAD259E6E160008D7E2 /* AddCharacterView.swift */,
				C44FDBB2259E703C0008D7E2 /* ImagePickerView.swift */,
				C4C3CE2325B91A690058CD15 /* PlotEventView.swift */,
				C4C3CE2B25B91E920058CD15 /* CharacterGridView.swift */,
			);
			path = Views;
			sourceTree = "<group>";
		};
		C47538FA25A01522008C86D7 /* Utilities */ = {
			isa = PBXGroup;
			children = (
				C456AB4525A268DD001D8077 /* TaleLoader.swift */,
				C47538FB25A0155D008C86D7 /* FileFetcher.swift */,
				C4C3CE1E25B9159F0058CD15 /* ImageLoader.swift */,
			);
			path = Utilities;
			sourceTree = "<group>";
		};
		C49C4783259CFA05009E6610 /* Models */ = {
			isa = PBXGroup;
			children = (
				C42BA09E259BC0A7009CFAD2 /* Character.swift */,
				C456AB4025A2666E001D8077 /* Tale.swift */,
				C4C3CE1925B910930058CD15 /* PlotEvent.swift */,
			);
			path = Models;
			sourceTree = "<group>";
		};
/* End PBXGroup section */

/* Begin PBXNativeTarget section */
		C42BA06A259BC03F009CFAD2 /* taleweaver */ = {
			isa = PBXNativeTarget;
			buildConfigurationList = C42BA091259BC040009CFAD2 /* Build configuration list for PBXNativeTarget "taleweaver" */;
			buildPhases = (
				C42BA067259BC03F009CFAD2 /* Sources */,
				C42BA068259BC03F009CFAD2 /* Frameworks */,
				C42BA069259BC03F009CFAD2 /* Resources */,
			);
			buildRules = (
			);
			dependencies = (
			);
			name = taleweaver;
			productName = taleweaver;
			productReference = C42BA06B259BC03F009CFAD2 /* taleweaver.app */;
			productType = "com.apple.product-type.application";
		};
		C42BA07C259BC040009CFAD2 /* taleweaverTests */ = {
			isa = PBXNativeTarget;
			buildConfigurationList = C42BA094259BC040009CFAD2 /* Build configuration list for PBXNativeTarget "taleweaverTests" */;
			buildPhases = (
				C42BA079259BC040009CFAD2 /* Sources */,
				C42BA07A259BC040009CFAD2 /* Frameworks */,
				C42BA07B259BC040009CFAD2 /* Resources */,
			);
			buildRules = (
			);
			dependencies = (
				C42BA07F259BC040009CFAD2 /* PBXTargetDependency */,
			);
			name = taleweaverTests;
			productName = taleweaverTests;
			productReference = C42BA07D259BC040009CFAD2 /* taleweaverTests.xctest */;
			productType = "com.apple.product-type.bundle.unit-test";
		};
		C42BA087259BC040009CFAD2 /* taleweaverUITests */ = {
			isa = PBXNativeTarget;
			buildConfigurationList = C42BA097259BC040009CFAD2 /* Build configuration list for PBXNativeTarget "taleweaverUITests" */;
			buildPhases = (
				C42BA084259BC040009CFAD2 /* Sources */,
				C42BA085259BC040009CFAD2 /* Frameworks */,
				C42BA086259BC040009CFAD2 /* Resources */,
			);
			buildRules = (
			);
			dependencies = (
				C42BA08A259BC040009CFAD2 /* PBXTargetDependency */,
			);
			name = taleweaverUITests;
			productName = taleweaverUITests;
			productReference = C42BA088259BC040009CFAD2 /* taleweaverUITests.xctest */;
			productType = "com.apple.product-type.bundle.ui-testing";
		};
/* End PBXNativeTarget section */

/* Begin PBXProject section */
		C42BA063259BC03F009CFAD2 /* Project object */ = {
			isa = PBXProject;
			attributes = {
				LastSwiftUpdateCheck = 1230;
				LastUpgradeCheck = 1230;
				TargetAttributes = {
					C42BA06A259BC03F009CFAD2 = {
						CreatedOnToolsVersion = 12.3;
					};
					C42BA07C259BC040009CFAD2 = {
						CreatedOnToolsVersion = 12.3;
						TestTargetID = C42BA06A259BC03F009CFAD2;
					};
					C42BA087259BC040009CFAD2 = {
						CreatedOnToolsVersion = 12.3;
						TestTargetID = C42BA06A259BC03F009CFAD2;
					};
				};
			};
			buildConfigurationList = C42BA066259BC03F009CFAD2 /* Build configuration list for PBXProject "taleweaver" */;
			compatibilityVersion = "Xcode 9.3";
			developmentRegion = en;
			hasScannedForEncodings = 0;
			knownRegions = (
				en,
				Base,
			);
			mainGroup = C42BA062259BC03F009CFAD2;
			productRefGroup = C42BA06C259BC03F009CFAD2 /* Products */;
			projectDirPath = "";
			projectRoot = "";
			targets = (
				C42BA06A259BC03F009CFAD2 /* taleweaver */,
				C42BA07C259BC040009CFAD2 /* taleweaverTests */,
				C42BA087259BC040009CFAD2 /* taleweaverUITests */,
			);
		};
/* End PBXProject section */

/* Begin PBXResourcesBuildPhase section */
		C42BA069259BC03F009CFAD2 /* Resources */ = {
			isa = PBXResourcesBuildPhase;
			buildActionMask = 2147483647;
			files = (
				C42BA076259BC040009CFAD2 /* Preview Assets.xcassets in Resources */,
				C42BA073259BC040009CFAD2 /* Assets.xcassets in Resources */,
			);
			runOnlyForDeploymentPostprocessing = 0;
		};
		C42BA07B259BC040009CFAD2 /* Resources */ = {
			isa = PBXResourcesBuildPhase;
			buildActionMask = 2147483647;
			files = (
			);
			runOnlyForDeploymentPostprocessing = 0;
		};
		C42BA086259BC040009CFAD2 /* Resources */ = {
			isa = PBXResourcesBuildPhase;
			buildActionMask = 2147483647;
			files = (
			);
			runOnlyForDeploymentPostprocessing = 0;
		};
/* End PBXResourcesBuildPhase section */

/* Begin PBXSourcesBuildPhase section */
		C42BA067259BC03F009CFAD2 /* Sources */ = {
			isa = PBXSourcesBuildPhase;
			buildActionMask = 2147483647;
			files = (
				C49C476E259CF3F5009E6610 /* CharacterTileView.swift in Sources */,
				C4C3CE1A25B910930058CD15 /* PlotEvent.swift in Sources */,
				C42BA09F259BC0A7009CFAD2 /* Character.swift in Sources */,
				C42BA071259BC03F009CFAD2 /* ContentView.swift in Sources */,
				C4C3CE2425B91A690058CD15 /* PlotEventView.swift in Sources */,
				C49C4797259D5B44009E6610 /* CharacterDetailView.swift in Sources */,
				C44FDBB3259E703C0008D7E2 /* ImagePickerView.swift in Sources */,
				C42BA0B1259BCD20009CFAD2 /* CanvasView.swift in Sources */,
				C456AB4625A268DD001D8077 /* TaleLoader.swift in Sources */,
				C42BA0A7259BCBAA009CFAD2 /* ToolboxView.swift in Sources */,
				C42BA0B6259BCE12009CFAD2 /* InspectorView.swift in Sources */,
				C49C478F259CFC95009E6610 /* CharacterListView.swift in Sources */,
				C42BA06F259BC03F009CFAD2 /* taleweaverApp.swift in Sources */,
				C456AB4125A2666E001D8077 /* Tale.swift in Sources */,
				C42BA0AC259BCBE3009CFAD2 /* ToolboxElementView.swift in Sources */,
				C4C3CE1F25B9159F0058CD15 /* ImageLoader.swift in Sources */,
				C4C3CE2C25B91E920058CD15 /* CharacterGridView.swift in Sources */,
				C44FDBAE259E6E160008D7E2 /* AddCharacterView.swift in Sources */,
				C42BA0BB259C3E62009CFAD2 /* OutlineView.swift in Sources */,
				C47538FC25A0155D008C86D7 /* FileFetcher.swift in Sources */,
			);
			runOnlyForDeploymentPostprocessing = 0;
		};
		C42BA079259BC040009CFAD2 /* Sources */ = {
			isa = PBXSourcesBuildPhase;
			buildActionMask = 2147483647;
			files = (
				C42BA082259BC040009CFAD2 /* taleweaverTests.swift in Sources */,
			);
			runOnlyForDeploymentPostprocessing = 0;
		};
		C42BA084259BC040009CFAD2 /* Sources */ = {
			isa = PBXSourcesBuildPhase;
			buildActionMask = 2147483647;
			files = (
				C42BA08D259BC040009CFAD2 /* taleweaverUITests.swift in Sources */,
			);
			runOnlyForDeploymentPostprocessing = 0;
		};
/* End PBXSourcesBuildPhase section */

/* Begin PBXTargetDependency section */
		C42BA07F259BC040009CFAD2 /* PBXTargetDependency */ = {
			isa = PBXTargetDependency;
			target = C42BA06A259BC03F009CFAD2 /* taleweaver */;
			targetProxy = C42BA07E259BC040009CFAD2 /* PBXContainerItemProxy */;
		};
		C42BA08A259BC040009CFAD2 /* PBXTargetDependency */ = {
			isa = PBXTargetDependency;
			target = C42BA06A259BC03F009CFAD2 /* taleweaver */;
			targetProxy = C42BA089259BC040009CFAD2 /* PBXContainerItemProxy */;
		};
/* End PBXTargetDependency section */

/* Begin XCBuildConfiguration section */
		C42BA08F259BC040009CFAD2 /* Debug */ = {
			isa = XCBuildConfiguration;
			buildSettings = {
				ALWAYS_SEARCH_USER_PATHS = NO;
				CLANG_ANALYZER_NONNULL = YES;
				CLANG_ANALYZER_NUMBER_OBJECT_CONVERSION = YES_AGGRESSIVE;
				CLANG_CXX_LANGUAGE_STANDARD = "gnu++14";
				CLANG_CXX_LIBRARY = "libc++";
				CLANG_ENABLE_MODULES = YES;
				CLANG_ENABLE_OBJC_ARC = YES;
				CLANG_ENABLE_OBJC_WEAK = YES;
				CLANG_WARN_BLOCK_CAPTURE_AUTORELEASING = YES;
				CLANG_WARN_BOOL_CONVERSION = YES;
				CLANG_WARN_COMMA = YES;
				CLANG_WARN_CONSTANT_CONVERSION = YES;
				CLANG_WARN_DEPRECATED_OBJC_IMPLEMENTATIONS = YES;
				CLANG_WARN_DIRECT_OBJC_ISA_USAGE = YES_ERROR;
				CLANG_WARN_DOCUMENTATION_COMMENTS = YES;
				CLANG_WARN_EMPTY_BODY = YES;
				CLANG_WARN_ENUM_CONVERSION = YES;
				CLANG_WARN_INFINITE_RECURSION = YES;
				CLANG_WARN_INT_CONVERSION = YES;
				CLANG_WARN_NON_LITERAL_NULL_CONVERSION = YES;
				CLANG_WARN_OBJC_IMPLICIT_RETAIN_SELF = YES;
				CLANG_WARN_OBJC_LITERAL_CONVERSION = YES;
				CLANG_WARN_OBJC_ROOT_CLASS = YES_ERROR;
				CLANG_WARN_QUOTED_INCLUDE_IN_FRAMEWORK_HEADER = YES;
				CLANG_WARN_RANGE_LOOP_ANALYSIS = YES;
				CLANG_WARN_STRICT_PROTOTYPES = YES;
				CLANG_WARN_SUSPICIOUS_MOVE = YES;
				CLANG_WARN_UNGUARDED_AVAILABILITY = YES_AGGRESSIVE;
				CLANG_WARN_UNREACHABLE_CODE = YES;
				CLANG_WARN__DUPLICATE_METHOD_MATCH = YES;
				COPY_PHASE_STRIP = NO;
				DEBUG_INFORMATION_FORMAT = dwarf;
				ENABLE_STRICT_OBJC_MSGSEND = YES;
				ENABLE_TESTABILITY = YES;
				GCC_C_LANGUAGE_STANDARD = gnu11;
				GCC_DYNAMIC_NO_PIC = NO;
				GCC_NO_COMMON_BLOCKS = YES;
				GCC_OPTIMIZATION_LEVEL = 0;
				GCC_PREPROCESSOR_DEFINITIONS = (
					"DEBUG=1",
					"$(inherited)",
				);
				GCC_WARN_64_TO_32_BIT_CONVERSION = YES;
				GCC_WARN_ABOUT_RETURN_TYPE = YES_ERROR;
				GCC_WARN_UNDECLARED_SELECTOR = YES;
				GCC_WARN_UNINITIALIZED_AUTOS = YES_AGGRESSIVE;
				GCC_WARN_UNUSED_FUNCTION = YES;
				GCC_WARN_UNUSED_VARIABLE = YES;
				MACOSX_DEPLOYMENT_TARGET = 11.1;
				MTL_ENABLE_DEBUG_INFO = INCLUDE_SOURCE;
				MTL_FAST_MATH = YES;
				ONLY_ACTIVE_ARCH = YES;
				SDKROOT = macosx;
				SWIFT_ACTIVE_COMPILATION_CONDITIONS = DEBUG;
				SWIFT_OPTIMIZATION_LEVEL = "-Onone";
			};
			name = Debug;
		};
		C42BA090259BC040009CFAD2 /* Release */ = {
			isa = XCBuildConfiguration;
			buildSettings = {
				ALWAYS_SEARCH_USER_PATHS = NO;
				CLANG_ANALYZER_NONNULL = YES;
				CLANG_ANALYZER_NUMBER_OBJECT_CONVERSION = YES_AGGRESSIVE;
				CLANG_CXX_LANGUAGE_STANDARD = "gnu++14";
				CLANG_CXX_LIBRARY = "libc++";
				CLANG_ENABLE_MODULES = YES;
				CLANG_ENABLE_OBJC_ARC = YES;
				CLANG_ENABLE_OBJC_WEAK = YES;
				CLANG_WARN_BLOCK_CAPTURE_AUTORELEASING = YES;
				CLANG_WARN_BOOL_CONVERSION = YES;
				CLANG_WARN_COMMA = YES;
				CLANG_WARN_CONSTANT_CONVERSION = YES;
				CLANG_WARN_DEPRECATED_OBJC_IMPLEMENTATIONS = YES;
				CLANG_WARN_DIRECT_OBJC_ISA_USAGE = YES_ERROR;
				CLANG_WARN_DOCUMENTATION_COMMENTS = YES;
				CLANG_WARN_EMPTY_BODY = YES;
				CLANG_WARN_ENUM_CONVERSION = YES;
				CLANG_WARN_INFINITE_RECURSION = YES;
				CLANG_WARN_INT_CONVERSION = YES;
				CLANG_WARN_NON_LITERAL_NULL_CONVERSION = YES;
				CLANG_WARN_OBJC_IMPLICIT_RETAIN_SELF = YES;
				CLANG_WARN_OBJC_LITERAL_CONVERSION = YES;
				CLANG_WARN_OBJC_ROOT_CLASS = YES_ERROR;
				CLANG_WARN_QUOTED_INCLUDE_IN_FRAMEWORK_HEADER = YES;
				CLANG_WARN_RANGE_LOOP_ANALYSIS = YES;
				CLANG_WARN_STRICT_PROTOTYPES = YES;
				CLANG_WARN_SUSPICIOUS_MOVE = YES;
				CLANG_WARN_UNGUARDED_AVAILABILITY = YES_AGGRESSIVE;
				CLANG_WARN_UNREACHABLE_CODE = YES;
				CLANG_WARN__DUPLICATE_METHOD_MATCH = YES;
				COPY_PHASE_STRIP = NO;
				DEBUG_INFORMATION_FORMAT = "dwarf-with-dsym";
				ENABLE_NS_ASSERTIONS = NO;
				ENABLE_STRICT_OBJC_MSGSEND = YES;
				GCC_C_LANGUAGE_STANDARD = gnu11;
				GCC_NO_COMMON_BLOCKS = YES;
				GCC_WARN_64_TO_32_BIT_CONVERSION = YES;
				GCC_WARN_ABOUT_RETURN_TYPE = YES_ERROR;
				GCC_WARN_UNDECLARED_SELECTOR = YES;
				GCC_WARN_UNINITIALIZED_AUTOS = YES_AGGRESSIVE;
				GCC_WARN_UNUSED_FUNCTION = YES;
				GCC_WARN_UNUSED_VARIABLE = YES;
				MACOSX_DEPLOYMENT_TARGET = 11.1;
				MTL_ENABLE_DEBUG_INFO = NO;
				MTL_FAST_MATH = YES;
				SDKROOT = macosx;
				SWIFT_COMPILATION_MODE = wholemodule;
				SWIFT_OPTIMIZATION_LEVEL = "-O";
			};
			name = Release;
		};
		C42BA092259BC040009CFAD2 /* Debug */ = {
			isa = XCBuildConfiguration;
			buildSettings = {
				ASSETCATALOG_COMPILER_APPICON_NAME = AppIcon;
				ASSETCATALOG_COMPILER_GLOBAL_ACCENT_COLOR_NAME = AccentColor;
				CODE_SIGN_ENTITLEMENTS = taleweaver/taleweaver.entitlements;
				CODE_SIGN_STYLE = Automatic;
				COMBINE_HIDPI_IMAGES = YES;
				DEVELOPMENT_ASSET_PATHS = "\"taleweaver/Preview Content\"";
				ENABLE_PREVIEWS = YES;
				INFOPLIST_FILE = taleweaver/Info.plist;
				LD_RUNPATH_SEARCH_PATHS = (
					"$(inherited)",
					"@executable_path/../Frameworks",
				);
				MACOSX_DEPLOYMENT_TARGET = 11.0;
				PRODUCT_BUNDLE_IDENTIFIER = com.ahmedboulad.taleweaver;
				PRODUCT_NAME = "$(TARGET_NAME)";
				SWIFT_VERSION = 5.0;
			};
			name = Debug;
		};
		C42BA093259BC040009CFAD2 /* Release */ = {
			isa = XCBuildConfiguration;
			buildSettings = {
				ASSETCATALOG_COMPILER_APPICON_NAME = AppIcon;
				ASSETCATALOG_COMPILER_GLOBAL_ACCENT_COLOR_NAME = AccentColor;
				CODE_SIGN_ENTITLEMENTS = taleweaver/taleweaver.entitlements;
				CODE_SIGN_STYLE = Automatic;
				COMBINE_HIDPI_IMAGES = YES;
				DEVELOPMENT_ASSET_PATHS = "\"taleweaver/Preview Content\"";
				ENABLE_PREVIEWS = YES;
				INFOPLIST_FILE = taleweaver/Info.plist;
				LD_RUNPATH_SEARCH_PATHS = (
					"$(inherited)",
					"@executable_path/../Frameworks",
				);
				MACOSX_DEPLOYMENT_TARGET = 11.0;
				PRODUCT_BUNDLE_IDENTIFIER = com.ahmedboulad.taleweaver;
				PRODUCT_NAME = "$(TARGET_NAME)";
				SWIFT_VERSION = 5.0;
			};
			name = Release;
		};
		C42BA095259BC040009CFAD2 /* Debug */ = {
			isa = XCBuildConfiguration;
			buildSettings = {
				ALWAYS_EMBED_SWIFT_STANDARD_LIBRARIES = YES;
				BUNDLE_LOADER = "$(TEST_HOST)";
				CODE_SIGN_STYLE = Automatic;
				COMBINE_HIDPI_IMAGES = YES;
				INFOPLIST_FILE = taleweaverTests/Info.plist;
				LD_RUNPATH_SEARCH_PATHS = (
					"$(inherited)",
					"@executable_path/../Frameworks",
					"@loader_path/../Frameworks",
				);
				MACOSX_DEPLOYMENT_TARGET = 11.0;
				PRODUCT_BUNDLE_IDENTIFIER = com.ahmedboulad.taleweaverTests;
				PRODUCT_NAME = "$(TARGET_NAME)";
				SWIFT_VERSION = 5.0;
				TEST_HOST = "$(BUILT_PRODUCTS_DIR)/taleweaver.app/Contents/MacOS/taleweaver";
			};
			name = Debug;
		};
		C42BA096259BC040009CFAD2 /* Release */ = {
			isa = XCBuildConfiguration;
			buildSettings = {
				ALWAYS_EMBED_SWIFT_STANDARD_LIBRARIES = YES;
				BUNDLE_LOADER = "$(TEST_HOST)";
				CODE_SIGN_STYLE = Automatic;
				COMBINE_HIDPI_IMAGES = YES;
				INFOPLIST_FILE = taleweaverTests/Info.plist;
				LD_RUNPATH_SEARCH_PATHS = (
					"$(inherited)",
					"@executable_path/../Frameworks",
					"@loader_path/../Frameworks",
				);
				MACOSX_DEPLOYMENT_TARGET = 11.0;
				PRODUCT_BUNDLE_IDENTIFIER = com.ahmedboulad.taleweaverTests;
				PRODUCT_NAME = "$(TARGET_NAME)";
				SWIFT_VERSION = 5.0;
				TEST_HOST = "$(BUILT_PRODUCTS_DIR)/taleweaver.app/Contents/MacOS/taleweaver";
			};
			name = Release;
		};
		C42BA098259BC040009CFAD2 /* Debug */ = {
			isa = XCBuildConfiguration;
			buildSettings = {
				ALWAYS_EMBED_SWIFT_STANDARD_LIBRARIES = YES;
				CODE_SIGN_STYLE = Automatic;
				COMBINE_HIDPI_IMAGES = YES;
				INFOPLIST_FILE = taleweaverUITests/Info.plist;
				LD_RUNPATH_SEARCH_PATHS = (
					"$(inherited)",
					"@executable_path/../Frameworks",
					"@loader_path/../Frameworks",
				);
				MACOSX_DEPLOYMENT_TARGET = 11.0;
				PRODUCT_BUNDLE_IDENTIFIER = com.ahmedboulad.taleweaverUITests;
				PRODUCT_NAME = "$(TARGET_NAME)";
				SWIFT_VERSION = 5.0;
				TEST_TARGET_NAME = taleweaver;
			};
			name = Debug;
		};
		C42BA099259BC040009CFAD2 /* Release */ = {
			isa = XCBuildConfiguration;
			buildSettings = {
				ALWAYS_EMBED_SWIFT_STANDARD_LIBRARIES = YES;
				CODE_SIGN_STYLE = Automatic;
				COMBINE_HIDPI_IMAGES = YES;
				INFOPLIST_FILE = taleweaverUITests/Info.plist;
				LD_RUNPATH_SEARCH_PATHS = (
					"$(inherited)",
					"@executable_path/../Frameworks",
					"@loader_path/../Frameworks",
				);
				MACOSX_DEPLOYMENT_TARGET = 11.0;
				PRODUCT_BUNDLE_IDENTIFIER = com.ahmedboulad.taleweaverUITests;
				PRODUCT_NAME = "$(TARGET_NAME)";
				SWIFT_VERSION = 5.0;
				TEST_TARGET_NAME = taleweaver;
			};
			name = Release;
		};
/* End XCBuildConfiguration section */

/* Begin XCConfigurationList section */
		C42BA066259BC03F009CFAD2 /* Build configuration list for PBXProject "taleweaver" */ = {
			isa = XCConfigurationList;
			buildConfigurations = (
				C42BA08F259BC040009CFAD2 /* Debug */,
				C42BA090259BC040009CFAD2 /* Release */,
			);
			defaultConfigurationIsVisible = 0;
			defaultConfigurationName = Release;
		};
		C42BA091259BC040009CFAD2 /* Build configuration list for PBXNativeTarget "taleweaver" */ = {
			isa = XCConfigurationList;
			buildConfigurations = (
				C42BA092259BC040009CFAD2 /* Debug */,
				C42BA093259BC040009CFAD2 /* Release */,
			);
			defaultConfigurationIsVisible = 0;
			defaultConfigurationName = Release;
		};
		C42BA094259BC040009CFAD2 /* Build configuration list for PBXNativeTarget "taleweaverTests" */ = {
			isa = XCConfigurationList;
			buildConfigurations = (
				C42BA095259BC040009CFAD2 /* Debug */,
				C42BA096259BC040009CFAD2 /* Release */,
			);
			defaultConfigurationIsVisible = 0;
			defaultConfigurationName = Release;
		};
		C42BA097259BC040009CFAD2 /* Build configuration list for PBXNativeTarget "taleweaverUITests" */ = {
			isa = XCConfigurationList;
			buildConfigurations = (
				C42BA098259BC040009CFAD2 /* Debug */,
				C42BA099259BC040009CFAD2 /* Release */,
			);
			defaultConfigurationIsVisible = 0;
			defaultConfigurationName = Release;
		};
/* End XCConfigurationList section */
	};
	rootObject = C42BA063259BC03F009CFAD2 /* Project object */;
}
